
Microsoft Visual Studio Solution File, Format Version 12.00
# Visual Studio Version 16
VisualStudioVersion = 16.0.31005.135
MinimumVisualStudioVersion = 10.0.40219.1
Project("{FAE04EC0-301F-11D3-BF4B-00C04F79EFBC}") = "haram", "haram.csproj", "{9CFC8B2D-95CE-4B87-8887-EE7B9D01E1C1}"
EndProject
Global
	GlobalSection(SolutionConfigurationPlatforms) = preSolution
		Debug|Any CPU = Debug|Any CPU
		Release|Any CPU = Release|Any CPU
	EndGlobalSection
	GlobalSection(ProjectConfigurationPlatforms) = postSolution
		{9CFC8B2D-95CE-4B87-8887-EE7B9D01E1C1}.Debug|Any CPU.ActiveCfg = Debug|Any CPU
		{9CFC8B2D-95CE-4B87-8887-EE7B9D01E1C1}.Debug|Any CPU.Build.0 = Debug|Any CPU
		{9CFC8B2D-95CE-4B87-8887-EE7B9D01E1C1}.Release|Any CPU.ActiveCfg = Release|Any CPU
		{9CFC8B2D-95CE-4B87-8887-EE7B9D01E1C1}.Release|Any CPU.Build.0 = Release|Any CPU
	EndGlobalSection
	GlobalSection(SolutionProperties) = preSolution
		HideSolutionNode = FALSE
	EndGlobalSection
	GlobalSection(ExtensibilityGlobals) = postSolution
		SolutionGuid = {25400463-02D5-41A2-9D9D-4127CA617C88}
	EndGlobalSection
EndGlobal
